
Microsoft Visual Studio Solution File, Format Version 12.00
# Visual Studio Version 17
VisualStudioVersion = 17.13.35919.96
MinimumVisualStudioVersion = 10.0.40219.1
Project("{FAE04EC0-301F-11D3-BF4B-00C04F79EFBC}") = "Tracker.Dotnet.Auth", "src\Tracker.Dotnet.Auth\Tracker.Dotnet.Auth.csproj", "{0857D92F-25BB-442D-9BD3-48959CFE5D87}"
EndProject
Project("{E53339B2-1760-4266-BCC7-CA923CBCF16C}") = "docker-compose", "docker-compose.dcproj", "{81DDED9D-158B-E303-5F62-77A2896D2A5A}"
EndProject
Project("{2150E333-8FDC-42A3-9474-1A3956D46DE8}") = "Solution Items", "Solution Items", "{8EC462FD-D22E-90A8-E5CE-7E832BA40C5D}"
	ProjectSection(SolutionItems) = preProject
		promtail\config.yml = promtail\config.yml
		Directory.Build.props = Directory.Build.props
	EndProjectSection
EndProject
Project("{FAE04EC0-301F-11D3-BF4B-00C04F79EFBC}") = "Tracker.Dotnet.Libs", "src\Tracker.Dotnet.Libs\Tracker.Dotnet.Libs.csproj", "{900A5733-DBF1-4475-9DE8-973165D257B2}"
EndProject
Project("{FAE04EC0-301F-11D3-BF4B-00C04F79EFBC}") = "Tracker.Dotnet.Libs.Tests", "src\Tracker.Dotnet.Libs.Tests\Tracker.Dotnet.Libs.Tests.csproj", "{34A3BD46-911B-4DD4-8C88-45EDBBC921D3}"
EndProject
Global
	GlobalSection(SolutionConfigurationPlatforms) = preSolution
		Debug|Any CPU = Debug|Any CPU
		Release|Any CPU = Release|Any CPU
	EndGlobalSection
	GlobalSection(ProjectConfigurationPlatforms) = postSolution
		{0857D92F-25BB-442D-9BD3-48959CFE5D87}.Debug|Any CPU.ActiveCfg = Debug|Any CPU
		{0857D92F-25BB-442D-9BD3-48959CFE5D87}.Debug|Any CPU.Build.0 = Debug|Any CPU
		{0857D92F-25BB-442D-9BD3-48959CFE5D87}.Release|Any CPU.ActiveCfg = Release|Any CPU
		{0857D92F-25BB-442D-9BD3-48959CFE5D87}.Release|Any CPU.Build.0 = Release|Any CPU
		{81DDED9D-158B-E303-5F62-77A2896D2A5A}.Debug|Any CPU.ActiveCfg = Debug|Any CPU
		{81DDED9D-158B-E303-5F62-77A2896D2A5A}.Debug|Any CPU.Build.0 = Debug|Any CPU
		{81DDED9D-158B-E303-5F62-77A2896D2A5A}.Release|Any CPU.ActiveCfg = Release|Any CPU
		{81DDED9D-158B-E303-5F62-77A2896D2A5A}.Release|Any CPU.Build.0 = Release|Any CPU
		{900A5733-DBF1-4475-9DE8-973165D257B2}.Debug|Any CPU.ActiveCfg = Debug|Any CPU
		{900A5733-DBF1-4475-9DE8-973165D257B2}.Debug|Any CPU.Build.0 = Debug|Any CPU
		{900A5733-DBF1-4475-9DE8-973165D257B2}.Release|Any CPU.ActiveCfg = Release|Any CPU
		{900A5733-DBF1-4475-9DE8-973165D257B2}.Release|Any CPU.Build.0 = Release|Any CPU
		{34A3BD46-911B-4DD4-8C88-45EDBBC921D3}.Debug|Any CPU.ActiveCfg = Debug|Any CPU
		{34A3BD46-911B-4DD4-8C88-45EDBBC921D3}.Debug|Any CPU.Build.0 = Debug|Any CPU
		{34A3BD46-911B-4DD4-8C88-45EDBBC921D3}.Release|Any CPU.ActiveCfg = Release|Any CPU
		{34A3BD46-911B-4DD4-8C88-45EDBBC921D3}.Release|Any CPU.Build.0 = Release|Any CPU
	EndGlobalSection
	GlobalSection(SolutionProperties) = preSolution
		HideSolutionNode = FALSE
	EndGlobalSection
	GlobalSection(ExtensibilityGlobals) = postSolution
		SolutionGuid = {D2EE1163-C851-41A4-85CC-E468DF687361}
	EndGlobalSection
EndGlobal
